
Microsoft Visual Studio Solution File, Format Version 12.00
# Visual Studio Version 17
VisualStudioVersion = 17.6.33829.357
MinimumVisualStudioVersion = 10.0.40219.1
Project("{FAE04EC0-301F-11D3-BF4B-00C04F79EFBC}") = "API", "API\API.csproj", "{3CAFA7D3-92DF-4FA5-B456-E105B1359BD8}"
EndProject
Global
	GlobalSection(SolutionConfigurationPlatforms) = preSolution
		Debug|Any CPU = Debug|Any CPU
		Release|Any CPU = Release|Any CPU
	EndGlobalSection
	GlobalSection(ProjectConfigurationPlatforms) = postSolution
		{3CAFA7D3-92DF-4FA5-B456-E105B1359BD8}.Debug|Any CPU.ActiveCfg = Debug|Any CPU
		{3CAFA7D3-92DF-4FA5-B456-E105B1359BD8}.Debug|Any CPU.Build.0 = Debug|Any CPU
		{3CAFA7D3-92DF-4FA5-B456-E105B1359BD8}.Release|Any CPU.ActiveCfg = Release|Any CPU
		{3CAFA7D3-92DF-4FA5-B456-E105B1359BD8}.Release|Any CPU.Build.0 = Release|Any CPU
	EndGlobalSection
	GlobalSection(SolutionProperties) = preSolution
		HideSolutionNode = FALSE
	EndGlobalSection
	GlobalSection(ExtensibilityGlobals) = postSolution
		SolutionGuid = {CF12AC8E-FEA5-4723-8FC6-4FA27796BE15}
	EndGlobalSection
EndGlobal
